
Microsoft Visual Studio Solution File, Format Version 12.00
# Visual Studio Version 17
VisualStudioVersion = 17.0.32112.339
MinimumVisualStudioVersion = 10.0.40219.1
Project("{FAE04EC0-301F-11D3-BF4B-00C04F79EFBC}") = "ClubeDaLeitura2.0_ConsoleApp1", "ClubeDaLeitura2.0_ConsoleApp1\ClubeDaLeitura2.0_ConsoleApp1.csproj", "{17085380-E5D4-4B14-BEAB-7FEC59FF735C}"
EndProject
Global
	GlobalSection(SolutionConfigurationPlatforms) = preSolution
		Debug|Any CPU = Debug|Any CPU
		Release|Any CPU = Release|Any CPU
	EndGlobalSection
	GlobalSection(ProjectConfigurationPlatforms) = postSolution
		{17085380-E5D4-4B14-BEAB-7FEC59FF735C}.Debug|Any CPU.ActiveCfg = Debug|Any CPU
		{17085380-E5D4-4B14-BEAB-7FEC59FF735C}.Debug|Any CPU.Build.0 = Debug|Any CPU
		{17085380-E5D4-4B14-BEAB-7FEC59FF735C}.Release|Any CPU.ActiveCfg = Release|Any CPU
		{17085380-E5D4-4B14-BEAB-7FEC59FF735C}.Release|Any CPU.Build.0 = Release|Any CPU
	EndGlobalSection
	GlobalSection(SolutionProperties) = preSolution
		HideSolutionNode = FALSE
	EndGlobalSection
	GlobalSection(ExtensibilityGlobals) = postSolution
		SolutionGuid = {200F81A2-1D47-4A82-9FB2-E7D115FE3F3F}
	EndGlobalSection
EndGlobal
